// !$*UTF8*$!
{
	archiveVersion = 1;
	classes = {
	};
	objectVersion = 56;
	objects = {

/* Begin PBXBuildFile section */
		7B792B802A698EE9001B7292 /* AppDelegate.swift in Sources */ = {isa = PBXBuildFile; fileRef = 7B792B7F2A698EE9001B7292 /* AppDelegate.swift */; };
		7B792B822A698EE9001B7292 /* SceneDelegate.swift in Sources */ = {isa = PBXBuildFile; fileRef = 7B792B812A698EE9001B7292 /* SceneDelegate.swift */; };
		7B792B842A698EE9001B7292 /* ViewController.swift in Sources */ = {isa = PBXBuildFile; fileRef = 7B792B832A698EE9001B7292 /* ViewController.swift */; };
		7B792B872A698EE9001B7292 /* Main.storyboard in Resources */ = {isa = PBXBuildFile; fileRef = 7B792B852A698EE9001B7292 /* Main.storyboard */; };
		7B792B892A698EEB001B7292 /* Assets.xcassets in Resources */ = {isa = PBXBuildFile; fileRef = 7B792B882A698EEB001B7292 /* Assets.xcassets */; };
		7B792B8C2A698EEB001B7292 /* LaunchScreen.storyboard in Resources */ = {isa = PBXBuildFile; fileRef = 7B792B8A2A698EEB001B7292 /* LaunchScreen.storyboard */; };
		7B792B9B2A698F34001B7292 /* Constants.swift in Sources */ = {isa = PBXBuildFile; fileRef = 7B792B9A2A698F34001B7292 /* Constants.swift */; };
/* End PBXBuildFile section */

/* Begin PBXFileReference section */
		7B792B7C2A698EE9001B7292 /* TheMovieDBAPI.app */ = {isa = PBXFileReference; explicitFileType = wrapper.application; includeInIndex = 0; path = TheMovieDBAPI.app; sourceTree = BUILT_PRODUCTS_DIR; };
		7B792B7F2A698EE9001B7292 /* AppDelegate.swift */ = {isa = PBXFileReference; lastKnownFileType = sourcecode.swift; path = AppDelegate.swift; sourceTree = "<group>"; };
		7B792B812A698EE9001B7292 /* SceneDelegate.swift */ = {isa = PBXFileReference; lastKnownFileType = sourcecode.swift; path = SceneDelegate.swift; sourceTree = "<group>"; };
		7B792B832A698EE9001B7292 /* ViewController.swift */ = {isa = PBXFileReference; lastKnownFileType = sourcecode.swift; path = ViewController.swift; sourceTree = "<group>"; };
		7B792B862A698EE9001B7292 /* Base */ = {isa = PBXFileReference; lastKnownFileType = file.storyboard; name = Base; path = Base.lproj/Main.storyboard; sourceTree = "<group>"; };
		7B792B882A698EEB001B7292 /* Assets.xcassets */ = {isa = PBXFileReference; lastKnownFileType = folder.assetcatalog; path = Assets.xcassets; sourceTree = "<group>"; };
		7B792B8B2A698EEB001B7292 /* Base */ = {isa = PBXFileReference; lastKnownFileType = file.storyboard; name = Base; path = Base.lproj/LaunchScreen.storyboard; sourceTree = "<group>"; };
		7B792B8D2A698EEB001B7292 /* Info.plist */ = {isa = PBXFileReference; lastKnownFileType = text.plist.xml; path = Info.plist; sourceTree = "<group>"; };
		7B792B9A2A698F34001B7292 /* Constants.swift */ = {isa = PBXFileReference; lastKnownFileType = sourcecode.swift; path = Constants.swift; sourceTree = "<group>"; };
/* End PBXFileReference section */

/* Begin PBXFrameworksBuildPhase section */
		7B792B792A698EE9001B7292 /* Frameworks */ = {
			isa = PBXFrameworksBuildPhase;
			buildActionMask = 2147483647;
			files = (
			);
			runOnlyForDeploymentPostprocessing = 0;
		};
/* End PBXFrameworksBuildPhase section */

/* Begin PBXGroup section */
		7B792B732A698EE9001B7292 = {
			isa = PBXGroup;
			children = (
				7B792B7E2A698EE9001B7292 /* TheMovieDBAPI */,
				7B792B7D2A698EE9001B7292 /* Products */,
			);
			sourceTree = "<group>";
		};
		7B792B7D2A698EE9001B7292 /* Products */ = {
			isa = PBXGroup;
			children = (
				7B792B7C2A698EE9001B7292 /* TheMovieDBAPI.app */,
			);
			name = Products;
			sourceTree = "<group>";
		};
		7B792B7E2A698EE9001B7292 /* TheMovieDBAPI */ = {
			isa = PBXGroup;
			children = (
				7B792B992A698F25001B7292 /* Helpers */,
				7B792B982A698F22001B7292 /* Model */,
				7B792B972A698F1C001B7292 /* ViewModel */,
				7B792B942A698EFB001B7292 /* View */,
				7B792B932A698EF0001B7292 /* Delegations */,
				7B792B882A698EEB001B7292 /* Assets.xcassets */,
				7B792B8D2A698EEB001B7292 /* Info.plist */,
			);
			path = TheMovieDBAPI;
			sourceTree = "<group>";
		};
		7B792B932A698EF0001B7292 /* Delegations */ = {
			isa = PBXGroup;
			children = (
				7B792B7F2A698EE9001B7292 /* AppDelegate.swift */,
				7B792B812A698EE9001B7292 /* SceneDelegate.swift */,
			);
			path = Delegations;
			sourceTree = "<group>";
		};
		7B792B942A698EFB001B7292 /* View */ = {
			isa = PBXGroup;
			children = (
				7B792B962A698F09001B7292 /* Storyboards */,
				7B792B952A698F02001B7292 /* Controllers */,
			);
			path = View;
			sourceTree = "<group>";
		};
		7B792B952A698F02001B7292 /* Controllers */ = {
			isa = PBXGroup;
			children = (
				7B792B832A698EE9001B7292 /* ViewController.swift */,
			);
			path = Controllers;
			sourceTree = "<group>";
		};
		7B792B962A698F09001B7292 /* Storyboards */ = {
			isa = PBXGroup;
			children = (
				7B792B852A698EE9001B7292 /* Main.storyboard */,
				7B792B8A2A698EEB001B7292 /* LaunchScreen.storyboard */,
			);
			path = Storyboards;
			sourceTree = "<group>";
		};
		7B792B972A698F1C001B7292 /* ViewModel */ = {
			isa = PBXGroup;
			children = (
			);
			path = ViewModel;
			sourceTree = "<group>";
		};
		7B792B982A698F22001B7292 /* Model */ = {
			isa = PBXGroup;
			children = (
			);
			path = Model;
			sourceTree = "<group>";
		};
		7B792B992A698F25001B7292 /* Helpers */ = {
			isa = PBXGroup;
			children = (
				7B792B9A2A698F34001B7292 /* Constants.swift */,
			);
			path = Helpers;
			sourceTree = "<group>";
		};
/* End PBXGroup section */

/* Begin PBXNativeTarget section */
		7B792B7B2A698EE9001B7292 /* TheMovieDBAPI */ = {
			isa = PBXNativeTarget;
			buildConfigurationList = 7B792B902A698EEB001B7292 /* Build configuration list for PBXNativeTarget "TheMovieDBAPI" */;
			buildPhases = (
				7B792B782A698EE9001B7292 /* Sources */,
				7B792B792A698EE9001B7292 /* Frameworks */,
				7B792B7A2A698EE9001B7292 /* Resources */,
			);
			buildRules = (
			);
			dependencies = (
			);
			name = TheMovieDBAPI;
			productName = TheMovieDBAPI;
			productReference = 7B792B7C2A698EE9001B7292 /* TheMovieDBAPI.app */;
			productType = "com.apple.product-type.application";
		};
/* End PBXNativeTarget section */

/* Begin PBXProject section */
		7B792B742A698EE9001B7292 /* Project object */ = {
			isa = PBXProject;
			attributes = {
				BuildIndependentTargetsInParallel = 1;
				LastSwiftUpdateCheck = 1400;
				LastUpgradeCheck = 1400;
				TargetAttributes = {
					7B792B7B2A698EE9001B7292 = {
						CreatedOnToolsVersion = 14.0;
					};
				};
			};
			buildConfigurationList = 7B792B772A698EE9001B7292 /* Build configuration list for PBXProject "TheMovieDBAPI" */;
			compatibilityVersion = "Xcode 14.0";
			developmentRegion = en;
			hasScannedForEncodings = 0;
			knownRegions = (
				en,
				Base,
			);
			mainGroup = 7B792B732A698EE9001B7292;
			productRefGroup = 7B792B7D2A698EE9001B7292 /* Products */;
			projectDirPath = "";
			projectRoot = "";
			targets = (
				7B792B7B2A698EE9001B7292 /* TheMovieDBAPI */,
			);
		};
/* End PBXProject section */

/* Begin PBXResourcesBuildPhase section */
		7B792B7A2A698EE9001B7292 /* Resources */ = {
			isa = PBXResourcesBuildPhase;
			buildActionMask = 2147483647;
			files = (
				7B792B8C2A698EEB001B7292 /* LaunchScreen.storyboard in Resources */,
				7B792B892A698EEB001B7292 /* Assets.xcassets in Resources */,
				7B792B872A698EE9001B7292 /* Main.storyboard in Resources */,
			);
			runOnlyForDeploymentPostprocessing = 0;
		};
/* End PBXResourcesBuildPhase section */

/* Begin PBXSourcesBuildPhase section */
		7B792B782A698EE9001B7292 /* Sources */ = {
			isa = PBXSourcesBuildPhase;
			buildActionMask = 2147483647;
			files = (
				7B792B842A698EE9001B7292 /* ViewController.swift in Sources */,
				7B792B802A698EE9001B7292 /* AppDelegate.swift in Sources */,
				7B792B822A698EE9001B7292 /* SceneDelegate.swift in Sources */,
				7B792B9B2A698F34001B7292 /* Constants.swift in Sources */,
			);
			runOnlyForDeploymentPostprocessing = 0;
		};
/* End PBXSourcesBuildPhase section */

/* Begin PBXVariantGroup section */
		7B792B852A698EE9001B7292 /* Main.storyboard */ = {
			isa = PBXVariantGroup;
			children = (
				7B792B862A698EE9001B7292 /* Base */,
			);
			name = Main.storyboard;
			sourceTree = "<group>";
		};
		7B792B8A2A698EEB001B7292 /* LaunchScreen.storyboard */ = {
			isa = PBXVariantGroup;
			children = (
				7B792B8B2A698EEB001B7292 /* Base */,
			);
			name = LaunchScreen.storyboard;
			sourceTree = "<group>";
		};
/* End PBXVariantGroup section */

/* Begin XCBuildConfiguration section */
		7B792B8E2A698EEB001B7292 /* Debug */ = {
			isa = XCBuildConfiguration;
			buildSettings = {
				ALWAYS_SEARCH_USER_PATHS = NO;
				CLANG_ANALYZER_NONNULL = YES;
				CLANG_ANALYZER_NUMBER_OBJECT_CONVERSION = YES_AGGRESSIVE;
				CLANG_CXX_LANGUAGE_STANDARD = "gnu++20";
				CLANG_ENABLE_MODULES = YES;
				CLANG_ENABLE_OBJC_ARC = YES;
				CLANG_ENABLE_OBJC_WEAK = YES;
				CLANG_WARN_BLOCK_CAPTURE_AUTORELEASING = YES;
				CLANG_WARN_BOOL_CONVERSION = YES;
				CLANG_WARN_COMMA = YES;
				CLANG_WARN_CONSTANT_CONVERSION = YES;
				CLANG_WARN_DEPRECATED_OBJC_IMPLEMENTATIONS = YES;
				CLANG_WARN_DIRECT_OBJC_ISA_USAGE = YES_ERROR;
				CLANG_WARN_DOCUMENTATION_COMMENTS = YES;
				CLANG_WARN_EMPTY_BODY = YES;
				CLANG_WARN_ENUM_CONVERSION = YES;
				CLANG_WARN_INFINITE_RECURSION = YES;
				CLANG_WARN_INT_CONVERSION = YES;
				CLANG_WARN_NON_LITERAL_NULL_CONVERSION = YES;
				CLANG_WARN_OBJC_IMPLICIT_RETAIN_SELF = YES;
				CLANG_WARN_OBJC_LITERAL_CONVERSION = YES;
				CLANG_WARN_OBJC_ROOT_CLASS = YES_ERROR;
				CLANG_WARN_QUOTED_INCLUDE_IN_FRAMEWORK_HEADER = YES;
				CLANG_WARN_RANGE_LOOP_ANALYSIS = YES;
				CLANG_WARN_STRICT_PROTOTYPES = YES;
				CLANG_WARN_SUSPICIOUS_MOVE = YES;
				CLANG_WARN_UNGUARDED_AVAILABILITY = YES_AGGRESSIVE;
				CLANG_WARN_UNREACHABLE_CODE = YES;
				CLANG_WARN__DUPLICATE_METHOD_MATCH = YES;
				COPY_PHASE_STRIP = NO;
				DEBUG_INFORMATION_FORMAT = dwarf;
				ENABLE_STRICT_OBJC_MSGSEND = YES;
				ENABLE_TESTABILITY = YES;
				GCC_C_LANGUAGE_STANDARD = gnu11;
				GCC_DYNAMIC_NO_PIC = NO;
				GCC_NO_COMMON_BLOCKS = YES;
				GCC_OPTIMIZATION_LEVEL = 0;
				GCC_PREPROCESSOR_DEFINITIONS = (
					"DEBUG=1",
					"$(inherited)",
				);
				GCC_WARN_64_TO_32_BIT_CONVERSION = YES;
				GCC_WARN_ABOUT_RETURN_TYPE = YES_ERROR;
				GCC_WARN_UNDECLARED_SELECTOR = YES;
				GCC_WARN_UNINITIALIZED_AUTOS = YES_AGGRESSIVE;
				GCC_WARN_UNUSED_FUNCTION = YES;
				GCC_WARN_UNUSED_VARIABLE = YES;
				IPHONEOS_DEPLOYMENT_TARGET = 16.0;
				MTL_ENABLE_DEBUG_INFO = INCLUDE_SOURCE;
				MTL_FAST_MATH = YES;
				ONLY_ACTIVE_ARCH = YES;
				SDKROOT = iphoneos;
				SWIFT_ACTIVE_COMPILATION_CONDITIONS = DEBUG;
				SWIFT_OPTIMIZATION_LEVEL = "-Onone";
			};
			name = Debug;
		};
		7B792B8F2A698EEB001B7292 /* Release */ = {
			isa = XCBuildConfiguration;
			buildSettings = {
				ALWAYS_SEARCH_USER_PATHS = NO;
				CLANG_ANALYZER_NONNULL = YES;
				CLANG_ANALYZER_NUMBER_OBJECT_CONVERSION = YES_AGGRESSIVE;
				CLANG_CXX_LANGUAGE_STANDARD = "gnu++20";
				CLANG_ENABLE_MODULES = YES;
				CLANG_ENABLE_OBJC_ARC = YES;
				CLANG_ENABLE_OBJC_WEAK = YES;
				CLANG_WARN_BLOCK_CAPTURE_AUTORELEASING = YES;
				CLANG_WARN_BOOL_CONVERSION = YES;
				CLANG_WARN_COMMA = YES;
				CLANG_WARN_CONSTANT_CONVERSION = YES;
				CLANG_WARN_DEPRECATED_OBJC_IMPLEMENTATIONS = YES;
				CLANG_WARN_DIRECT_OBJC_ISA_USAGE = YES_ERROR;
				CLANG_WARN_DOCUMENTATION_COMMENTS = YES;
				CLANG_WARN_EMPTY_BODY = YES;
				CLANG_WARN_ENUM_CONVERSION = YES;
				CLANG_WARN_INFINITE_RECURSION = YES;
				CLANG_WARN_INT_CONVERSION = YES;
				CLANG_WARN_NON_LITERAL_NULL_CONVERSION = YES;
				CLANG_WARN_OBJC_IMPLICIT_RETAIN_SELF = YES;
				CLANG_WARN_OBJC_LITERAL_CONVERSION = YES;
				CLANG_WARN_OBJC_ROOT_CLASS = YES_ERROR;
				CLANG_WARN_QUOTED_INCLUDE_IN_FRAMEWORK_HEADER = YES;
				CLANG_WARN_RANGE_LOOP_ANALYSIS = YES;
				CLANG_WARN_STRICT_PROTOTYPES = YES;
				CLANG_WARN_SUSPICIOUS_MOVE = YES;
				CLANG_WARN_UNGUARDED_AVAILABILITY = YES_AGGRESSIVE;
				CLANG_WARN_UNREACHABLE_CODE = YES;
				CLANG_WARN__DUPLICATE_METHOD_MATCH = YES;
				COPY_PHASE_STRIP = NO;
				DEBUG_INFORMATION_FORMAT = "dwarf-with-dsym";
				ENABLE_NS_ASSERTIONS = NO;
				ENABLE_STRICT_OBJC_MSGSEND = YES;
				GCC_C_LANGUAGE_STANDARD = gnu11;
				GCC_NO_COMMON_BLOCKS = YES;
				GCC_WARN_64_TO_32_BIT_CONVERSION = YES;
				GCC_WARN_ABOUT_RETURN_TYPE = YES_ERROR;
				GCC_WARN_UNDECLARED_SELECTOR = YES;
				GCC_WARN_UNINITIALIZED_AUTOS = YES_AGGRESSIVE;
				GCC_WARN_UNUSED_FUNCTION = YES;
				GCC_WARN_UNUSED_VARIABLE = YES;
				IPHONEOS_DEPLOYMENT_TARGET = 16.0;
				MTL_ENABLE_DEBUG_INFO = NO;
				MTL_FAST_MATH = YES;
				SDKROOT = iphoneos;
				SWIFT_COMPILATION_MODE = wholemodule;
				SWIFT_OPTIMIZATION_LEVEL = "-O";
				VALIDATE_PRODUCT = YES;
			};
			name = Release;
		};
		7B792B912A698EEB001B7292 /* Debug */ = {
			isa = XCBuildConfiguration;
			buildSettings = {
				ASSETCATALOG_COMPILER_APPICON_NAME = AppIcon;
				ASSETCATALOG_COMPILER_GLOBAL_ACCENT_COLOR_NAME = AccentColor;
				CODE_SIGN_STYLE = Automatic;
				CURRENT_PROJECT_VERSION = 1;
				DEVELOPMENT_TEAM = KTK732WRHB;
				GENERATE_INFOPLIST_FILE = YES;
				INFOPLIST_FILE = TheMovieDBAPI/Info.plist;
				INFOPLIST_KEY_UIApplicationSupportsIndirectInputEvents = YES;
				INFOPLIST_KEY_UILaunchStoryboardName = LaunchScreen;
				INFOPLIST_KEY_UIMainStoryboardFile = Main;
				INFOPLIST_KEY_UISupportedInterfaceOrientations_iPad = "UIInterfaceOrientationPortrait UIInterfaceOrientationPortraitUpsideDown UIInterfaceOrientationLandscapeLeft UIInterfaceOrientationLandscapeRight";
				INFOPLIST_KEY_UISupportedInterfaceOrientations_iPhone = "UIInterfaceOrientationPortrait UIInterfaceOrientationLandscapeLeft UIInterfaceOrientationLandscapeRight";
				LD_RUNPATH_SEARCH_PATHS = (
					"$(inherited)",
					"@executable_path/Frameworks",
				);
				MARKETING_VERSION = 1.0;
				PRODUCT_BUNDLE_IDENTIFIER = com.allymationes.TheMovieDBAPI;
				PRODUCT_NAME = "$(TARGET_NAME)";
				SWIFT_EMIT_LOC_STRINGS = YES;
				SWIFT_VERSION = 5.0;
				TARGETED_DEVICE_FAMILY = "1,2";
			};
			name = Debug;
		};
		7B792B922A698EEB001B7292 /* Release */ = {
			isa = XCBuildConfiguration;
			buildSettings = {
				ASSETCATALOG_COMPILER_APPICON_NAME = AppIcon;
				ASSETCATALOG_COMPILER_GLOBAL_ACCENT_COLOR_NAME = AccentColor;
				CODE_SIGN_STYLE = Automatic;
				CURRENT_PROJECT_VERSION = 1;
				DEVELOPMENT_TEAM = KTK732WRHB;
				GENERATE_INFOPLIST_FILE = YES;
				INFOPLIST_FILE = TheMovieDBAPI/Info.plist;
				INFOPLIST_KEY_UIApplicationSupportsIndirectInputEvents = YES;
				INFOPLIST_KEY_UILaunchStoryboardName = LaunchScreen;
				INFOPLIST_KEY_UIMainStoryboardFile = Main;
				INFOPLIST_KEY_UISupportedInterfaceOrientations_iPad = "UIInterfaceOrientationPortrait UIInterfaceOrientationPortraitUpsideDown UIInterfaceOrientationLandscapeLeft UIInterfaceOrientationLandscapeRight";
				INFOPLIST_KEY_UISupportedInterfaceOrientations_iPhone = "UIInterfaceOrientationPortrait UIInterfaceOrientationLandscapeLeft UIInterfaceOrientationLandscapeRight";
				LD_RUNPATH_SEARCH_PATHS = (
					"$(inherited)",
					"@executable_path/Frameworks",
				);
				MARKETING_VERSION = 1.0;
				PRODUCT_BUNDLE_IDENTIFIER = com.allymationes.TheMovieDBAPI;
				PRODUCT_NAME = "$(TARGET_NAME)";
				SWIFT_EMIT_LOC_STRINGS = YES;
				SWIFT_VERSION = 5.0;
				TARGETED_DEVICE_FAMILY = "1,2";
			};
			name = Release;
		};
/* End XCBuildConfiguration section */

/* Begin XCConfigurationList section */
		7B792B772A698EE9001B7292 /* Build configuration list for PBXProject "TheMovieDBAPI" */ = {
			isa = XCConfigurationList;
			buildConfigurations = (
				7B792B8E2A698EEB001B7292 /* Debug */,
				7B792B8F2A698EEB001B7292 /* Release */,
			);
			defaultConfigurationIsVisible = 0;
			defaultConfigurationName = Release;
		};
		7B792B902A698EEB001B7292 /* Build configuration list for PBXNativeTarget "TheMovieDBAPI" */ = {
			isa = XCConfigurationList;
			buildConfigurations = (
				7B792B912A698EEB001B7292 /* Debug */,
				7B792B922A698EEB001B7292 /* Release */,
			);
			defaultConfigurationIsVisible = 0;
			defaultConfigurationName = Release;
		};
/* End XCConfigurationList section */
	};
	rootObject = 7B792B742A698EE9001B7292 /* Project object */;
}
